
Microsoft Visual Studio Solution File, Format Version 12.00
# Visual Studio Version 17
VisualStudioVersion = 17.0.31903.59
MinimumVisualStudioVersion = 10.0.40219.1
Project("{FAE04EC0-301F-11D3-BF4B-00C04F79EFBC}") = "IKARUSWEB.Domain", "IKARUSWEB.Domain\IKARUSWEB.Domain.csproj", "{655ACC0A-CF3C-45EA-B3AA-2AD53AE2109E}"
EndProject
Project("{FAE04EC0-301F-11D3-BF4B-00C04F79EFBC}") = "IKARUSWEB.Application", "IKARUSWEB.Application\IKARUSWEB.Application.csproj", "{73BE1333-A5E8-42CA-B6DE-DDFD9F8FBCC0}"
EndProject
Project("{FAE04EC0-301F-11D3-BF4B-00C04F79EFBC}") = "IKARUSWEB.Infrastructure", "IKARUSWEB.Infrastructure\IKARUSWEB.Infrastructure.csproj", "{8819F2F6-D3FA-43C0-A873-46CFB4C804CA}"
EndProject
Project("{FAE04EC0-301F-11D3-BF4B-00C04F79EFBC}") = "IKARUSWEB.API", "IKARUSWEB.API\IKARUSWEB.API.csproj", "{4E12506E-630E-41B3-A10C-092CA8FEF5C5}"
EndProject
Global
	GlobalSection(SolutionConfigurationPlatforms) = preSolution
		Debug|Any CPU = Debug|Any CPU
		Release|Any CPU = Release|Any CPU
	EndGlobalSection
	GlobalSection(ProjectConfigurationPlatforms) = postSolution
		{655ACC0A-CF3C-45EA-B3AA-2AD53AE2109E}.Debug|Any CPU.ActiveCfg = Debug|Any CPU
		{655ACC0A-CF3C-45EA-B3AA-2AD53AE2109E}.Debug|Any CPU.Build.0 = Debug|Any CPU
		{655ACC0A-CF3C-45EA-B3AA-2AD53AE2109E}.Release|Any CPU.ActiveCfg = Release|Any CPU
		{655ACC0A-CF3C-45EA-B3AA-2AD53AE2109E}.Release|Any CPU.Build.0 = Release|Any CPU
		{73BE1333-A5E8-42CA-B6DE-DDFD9F8FBCC0}.Debug|Any CPU.ActiveCfg = Debug|Any CPU
		{73BE1333-A5E8-42CA-B6DE-DDFD9F8FBCC0}.Debug|Any CPU.Build.0 = Debug|Any CPU
		{73BE1333-A5E8-42CA-B6DE-DDFD9F8FBCC0}.Release|Any CPU.ActiveCfg = Release|Any CPU
		{73BE1333-A5E8-42CA-B6DE-DDFD9F8FBCC0}.Release|Any CPU.Build.0 = Release|Any CPU
		{8819F2F6-D3FA-43C0-A873-46CFB4C804CA}.Debug|Any CPU.ActiveCfg = Debug|Any CPU
		{8819F2F6-D3FA-43C0-A873-46CFB4C804CA}.Debug|Any CPU.Build.0 = Debug|Any CPU
		{8819F2F6-D3FA-43C0-A873-46CFB4C804CA}.Release|Any CPU.ActiveCfg = Release|Any CPU
		{8819F2F6-D3FA-43C0-A873-46CFB4C804CA}.Release|Any CPU.Build.0 = Release|Any CPU
		{4E12506E-630E-41B3-A10C-092CA8FEF5C5}.Debug|Any CPU.ActiveCfg = Debug|Any CPU
		{4E12506E-630E-41B3-A10C-092CA8FEF5C5}.Debug|Any CPU.Build.0 = Debug|Any CPU
		{4E12506E-630E-41B3-A10C-092CA8FEF5C5}.Release|Any CPU.ActiveCfg = Release|Any CPU
		{4E12506E-630E-41B3-A10C-092CA8FEF5C5}.Release|Any CPU.Build.0 = Release|Any CPU
	EndGlobalSection
	GlobalSection(SolutionProperties) = preSolution
		HideSolutionNode = FALSE
	EndGlobalSection
	GlobalSection(ExtensibilityGlobals) = postSolution
		SolutionGuid = {E2E3D98E-8094-4CBF-B3B3-D8E428E6E052}
	EndGlobalSection
EndGlobal
